
Microsoft Visual Studio Solution File, Format Version 12.00
# Visual Studio 15
VisualStudioVersion = 15.0.28307.902
MinimumVisualStudioVersion = 10.0.40219.1
Project("{888888A0-9F3D-457C-B088-3A5042F75D52}") = "Day1", "Day1\Day1.pyproj", "{B534CBD3-0CB8-4DE5-AB8E-12F85E38524C}"
EndProject
Global
	GlobalSection(SolutionConfigurationPlatforms) = preSolution
		Debug|Any CPU = Debug|Any CPU
		Release|Any CPU = Release|Any CPU
	EndGlobalSection
	GlobalSection(ProjectConfigurationPlatforms) = postSolution
		{B534CBD3-0CB8-4DE5-AB8E-12F85E38524C}.Debug|Any CPU.ActiveCfg = Debug|Any CPU
		{B534CBD3-0CB8-4DE5-AB8E-12F85E38524C}.Release|Any CPU.ActiveCfg = Release|Any CPU
	EndGlobalSection
	GlobalSection(SolutionProperties) = preSolution
		HideSolutionNode = FALSE
	EndGlobalSection
	GlobalSection(ExtensibilityGlobals) = postSolution
		SolutionGuid = {8F4E782C-6C22-4B6F-BC75-532A63019E80}
	EndGlobalSection
EndGlobal
