
Microsoft Visual Studio Solution File, Format Version 12.00
# Visual Studio 15
VisualStudioVersion = 15.0.28307.902
MinimumVisualStudioVersion = 10.0.40219.1
Project("{888888A0-9F3D-457C-B088-3A5042F75D52}") = "Day3", "Day3\Day3.pyproj", "{C4F4EC0E-4A1A-4E8B-B2F6-ED4F77D1CE4E}"
EndProject
Global
	GlobalSection(SolutionConfigurationPlatforms) = preSolution
		Debug|Any CPU = Debug|Any CPU
		Release|Any CPU = Release|Any CPU
	EndGlobalSection
	GlobalSection(ProjectConfigurationPlatforms) = postSolution
		{C4F4EC0E-4A1A-4E8B-B2F6-ED4F77D1CE4E}.Debug|Any CPU.ActiveCfg = Debug|Any CPU
		{C4F4EC0E-4A1A-4E8B-B2F6-ED4F77D1CE4E}.Release|Any CPU.ActiveCfg = Release|Any CPU
	EndGlobalSection
	GlobalSection(SolutionProperties) = preSolution
		HideSolutionNode = FALSE
	EndGlobalSection
	GlobalSection(ExtensibilityGlobals) = postSolution
		SolutionGuid = {60502313-2D45-43FE-9436-EC8AD9F5EC99}
	EndGlobalSection
EndGlobal
